
Microsoft Visual Studio Solution File, Format Version 12.00
# Visual Studio Version 17
VisualStudioVersion = 17.5.33424.131
MinimumVisualStudioVersion = 10.0.40219.1
Project("{2150E333-8FDC-42A3-9474-1A3956D46DE8}") = "WebApps", "WebApps", "{67027EEE-5E74-4D25-960D-7DC4DE419D7D}"
EndProject
Project("{2150E333-8FDC-42A3-9474-1A3956D46DE8}") = "Services", "Services", "{EAF5B0AF-A018-47FB-80F9-C3931E17656B}"
EndProject
Project("{2150E333-8FDC-42A3-9474-1A3956D46DE8}") = "Catalog", "Catalog", "{D2B66E0C-CC62-4B4E-A7D1-16AC0B7B7DEE}"
EndProject
Project("{2150E333-8FDC-42A3-9474-1A3956D46DE8}") = "Sales", "Sales", "{1E80758D-6297-40D5-8A63-38CF39DED3DA}"
EndProject
Project("{2150E333-8FDC-42A3-9474-1A3956D46DE8}") = "Core", "Core", "{6AB9B170-0798-4567-9725-695C0A32AADE}"
EndProject
Project("{2150E333-8FDC-42A3-9474-1A3956D46DE8}") = "Register", "Register", "{23C6D061-1E54-4601-929A-2523FC494A4F}"
EndProject
Project("{2150E333-8FDC-42A3-9474-1A3956D46DE8}") = "Revenue", "Revenue", "{5282B401-47B3-46BE-AACE-A2DFB15E9936}"
EndProject
Project("{2150E333-8FDC-42A3-9474-1A3956D46DE8}") = "Payments", "Payments", "{5584FBD5-2D42-40C5-8A6E-976CF634E8C9}"
EndProject
Project("{FAE04EC0-301F-11D3-BF4B-00C04F79EFBC}") = "NerdStore.Catalog.Domain", "src\NerdStore.Catalog.Domain\NerdStore.Catalog.Domain.csproj", "{F1C8F217-E8DB-431E-9FF1-657029AAB640}"
EndProject
Project("{FAE04EC0-301F-11D3-BF4B-00C04F79EFBC}") = "NerdStore.Core", "src\NerdStore.Core\NerdStore.Core.csproj", "{698A1DAD-B385-4EA2-BB55-55AA8C7BAFD2}"
EndProject
Global
	GlobalSection(SolutionConfigurationPlatforms) = preSolution
		Debug|Any CPU = Debug|Any CPU
		Release|Any CPU = Release|Any CPU
	EndGlobalSection
	GlobalSection(ProjectConfigurationPlatforms) = postSolution
		{F1C8F217-E8DB-431E-9FF1-657029AAB640}.Debug|Any CPU.ActiveCfg = Debug|Any CPU
		{F1C8F217-E8DB-431E-9FF1-657029AAB640}.Debug|Any CPU.Build.0 = Debug|Any CPU
		{F1C8F217-E8DB-431E-9FF1-657029AAB640}.Release|Any CPU.ActiveCfg = Release|Any CPU
		{F1C8F217-E8DB-431E-9FF1-657029AAB640}.Release|Any CPU.Build.0 = Release|Any CPU
		{698A1DAD-B385-4EA2-BB55-55AA8C7BAFD2}.Debug|Any CPU.ActiveCfg = Debug|Any CPU
		{698A1DAD-B385-4EA2-BB55-55AA8C7BAFD2}.Debug|Any CPU.Build.0 = Debug|Any CPU
		{698A1DAD-B385-4EA2-BB55-55AA8C7BAFD2}.Release|Any CPU.ActiveCfg = Release|Any CPU
		{698A1DAD-B385-4EA2-BB55-55AA8C7BAFD2}.Release|Any CPU.Build.0 = Release|Any CPU
	EndGlobalSection
	GlobalSection(SolutionProperties) = preSolution
		HideSolutionNode = FALSE
	EndGlobalSection
	GlobalSection(NestedProjects) = preSolution
		{D2B66E0C-CC62-4B4E-A7D1-16AC0B7B7DEE} = {EAF5B0AF-A018-47FB-80F9-C3931E17656B}
		{1E80758D-6297-40D5-8A63-38CF39DED3DA} = {EAF5B0AF-A018-47FB-80F9-C3931E17656B}
		{6AB9B170-0798-4567-9725-695C0A32AADE} = {EAF5B0AF-A018-47FB-80F9-C3931E17656B}
		{23C6D061-1E54-4601-929A-2523FC494A4F} = {EAF5B0AF-A018-47FB-80F9-C3931E17656B}
		{5282B401-47B3-46BE-AACE-A2DFB15E9936} = {EAF5B0AF-A018-47FB-80F9-C3931E17656B}
		{5584FBD5-2D42-40C5-8A6E-976CF634E8C9} = {EAF5B0AF-A018-47FB-80F9-C3931E17656B}
		{F1C8F217-E8DB-431E-9FF1-657029AAB640} = {D2B66E0C-CC62-4B4E-A7D1-16AC0B7B7DEE}
		{698A1DAD-B385-4EA2-BB55-55AA8C7BAFD2} = {6AB9B170-0798-4567-9725-695C0A32AADE}
	EndGlobalSection
	GlobalSection(ExtensibilityGlobals) = postSolution
		SolutionGuid = {61AC3260-4C19-4FEA-9E78-0D3863C35D3F}
	EndGlobalSection
EndGlobal
